
Microsoft Visual Studio Solution File, Format Version 12.00
# Visual Studio 15
Project("{FAE04EC0-301F-11D3-BF4B-00C04F79EFBC}") = "endel.nativewebsocket", "endel.nativewebsocket.csproj", "{EAA0395A-B991-EFA1-28B9-C3B10FC175F9}"
EndProject
Project("{FAE04EC0-301F-11D3-BF4B-00C04F79EFBC}") = "Assembly-CSharp", "Assembly-CSharp.csproj", "{5AE1D558-36A4-907E-A4A7-18ECF4A12429}"
EndProject
Global
	GlobalSection(SolutionConfigurationPlatforms) = preSolution
		Debug|Any CPU = Debug|Any CPU
		Release|Any CPU = Release|Any CPU
	EndGlobalSection
	GlobalSection(ProjectConfigurationPlatforms) = postSolution
		{EAA0395A-B991-EFA1-28B9-C3B10FC175F9}.Debug|Any CPU.ActiveCfg = Debug|Any CPU
		{EAA0395A-B991-EFA1-28B9-C3B10FC175F9}.Debug|Any CPU.Build.0 = Debug|Any CPU
		{EAA0395A-B991-EFA1-28B9-C3B10FC175F9}.Release|Any CPU.ActiveCfg = Release|Any CPU
		{EAA0395A-B991-EFA1-28B9-C3B10FC175F9}.Release|Any CPU.Build.0 = Release|Any CPU
		{5AE1D558-36A4-907E-A4A7-18ECF4A12429}.Debug|Any CPU.ActiveCfg = Debug|Any CPU
		{5AE1D558-36A4-907E-A4A7-18ECF4A12429}.Debug|Any CPU.Build.0 = Debug|Any CPU
		{5AE1D558-36A4-907E-A4A7-18ECF4A12429}.Release|Any CPU.ActiveCfg = Release|Any CPU
		{5AE1D558-36A4-907E-A4A7-18ECF4A12429}.Release|Any CPU.Build.0 = Release|Any CPU
	EndGlobalSection
	GlobalSection(SolutionProperties) = preSolution
		HideSolutionNode = FALSE
	EndGlobalSection
EndGlobal
